
Microsoft Visual Studio Solution File, Format Version 12.00
# Visual Studio Express 2012 for Windows Desktop
Project("{FAE04EC0-301F-11D3-BF4B-00C04F79EFBC}") = "Access Granted for 1CEnterprise", "Access Granted for 1CEnterprise\Access Granted for 1CEnterprise.csproj", "{386908AE-799F-4F5A-BA50-AB45E79F6845}"
EndProject
Global
	GlobalSection(SolutionConfigurationPlatforms) = preSolution
		Debug|Any CPU = Debug|Any CPU
		Release|Any CPU = Release|Any CPU
	EndGlobalSection
	GlobalSection(ProjectConfigurationPlatforms) = postSolution
		{386908AE-799F-4F5A-BA50-AB45E79F6845}.Debug|Any CPU.ActiveCfg = Debug|Any CPU
		{386908AE-799F-4F5A-BA50-AB45E79F6845}.Debug|Any CPU.Build.0 = Debug|Any CPU
		{386908AE-799F-4F5A-BA50-AB45E79F6845}.Release|Any CPU.ActiveCfg = Release|Any CPU
		{386908AE-799F-4F5A-BA50-AB45E79F6845}.Release|Any CPU.Build.0 = Release|Any CPU
		{386908AE-799F-4F5A-BA50-AB45E79F6845}.Release|Any CPU.Deploy.0 = Release|Any CPU
	EndGlobalSection
	GlobalSection(SolutionProperties) = preSolution
		HideSolutionNode = FALSE
	EndGlobalSection
EndGlobal
